{
    "_readme": [
        "This file locks the dependencies of your project to a known state",
        "Read more about it at https://getcomposer.org/doc/01-basic-usage.md#installing-dependencies",
        "This file is @generated automatically"
    ],
    "content-hash": "a54867f5ab027381e83238d258d44dcd",
    "packages": [
        {
            "name": "oscarotero/html",
            "version": "v0.1.5",
            "source": {
                "type": "git",
                "url": "https://github.com/oscarotero/html.git",
                "reference": "346cdea633a000427714e836470644375804bc10"
            },
            "dist": {
                "type": "zip",
                "url": "https://api.github.com/repos/oscarotero/html/zipball/346cdea633a000427714e836470644375804bc10",
                "reference": "346cdea633a000427714e836470644375804bc10",
                "shasum": ""
            },
            "require": {
                "php": "^7.2"
            },
            "require-dev": {
                "friendsofphp/php-cs-fixer": "^2.14",
                "oscarotero/php-cs-fixer-config": "^1.0",
                "phpunit/phpunit": "^8.1"
            },
            "type": "library",
            "autoload": {
                "files": [
                    "src/functions.php"
                ],
                "psr-4": {
                    "Html\\": "src"
                }
            },
            "notification-url": "https://packagist.org/downloads/",
            "license": [
                "MIT"
            ],
            "authors": [
                {
                    "name": "Oscar Otero",
                    "email": "oom@oscarotero.com",
                    "homepage": "http://oscarotero.com",
                    "role": "Developer"
                }
            ],
            "description": "HTML generator",
            "homepage": "https://github.com/oscarotero/html",
            "keywords": [
                "html"
            ],
            "support": {
                "email": "oom@oscarotero.com",
                "issues": "https://github.com/oscarotero/html/issues",
                "source": "https://github.com/oscarotero/html/tree/v0.1.5"
            },
            "time": "2019-12-05T18:02:43+00:00"
        }
    ],
    "packages-dev": [],
    "aliases": [],
    "minimum-stability": "stable",
    "stability-flags": [],
    "prefer-stable": false,
    "prefer-lowest": false,
    "platform": [],
    "platform-dev": [],
    "plugin-api-version": "2.3.0"
}
